# THIS IS AN AUTOGENERATED FILE. DO NOT EDIT THIS FILE DIRECTLY.
# yarn lockfile v1


"@canonical/cookie-policy@3.6.4":
  version "3.6.4"
  resolved "https://registry.yarnpkg.com/@canonical/cookie-policy/-/cookie-policy-3.6.4.tgz#895c3770f621b73d88b0d5843c43a32d99e4a462"
  integrity sha512-kfwamTpAaBhtH5TzlMb8wE814a8lIbONUuSYnS7VPiHDfcdmw4NoBPNpldmNY1j3CAT5vMKOx5kulRTWpEXpag==
